
Microsoft Visual Studio Solution File, Format Version 12.00
# Visual Studio Version 17
VisualStudioVersion = 17.14.36310.24 d17.14
MinimumVisualStudioVersion = 10.0.40219.1
Project("{FAE04EC0-301F-11D3-BF4B-00C04F79EFBC}") = "6.CondicionalMultipleTerciario", "6.CondicionalMultipleTerciario.csproj", "{8A54B01D-AC08-4D61-9D60-3AF0417DCCA1}"
EndProject
Global
	GlobalSection(SolutionConfigurationPlatforms) = preSolution
		Debug|Any CPU = Debug|Any CPU
		Release|Any CPU = Release|Any CPU
	EndGlobalSection
	GlobalSection(ProjectConfigurationPlatforms) = postSolution
		{8A54B01D-AC08-4D61-9D60-3AF0417DCCA1}.Debug|Any CPU.ActiveCfg = Debug|Any CPU
		{8A54B01D-AC08-4D61-9D60-3AF0417DCCA1}.Debug|Any CPU.Build.0 = Debug|Any CPU
		{8A54B01D-AC08-4D61-9D60-3AF0417DCCA1}.Release|Any CPU.ActiveCfg = Release|Any CPU
		{8A54B01D-AC08-4D61-9D60-3AF0417DCCA1}.Release|Any CPU.Build.0 = Release|Any CPU
	EndGlobalSection
	GlobalSection(SolutionProperties) = preSolution
		HideSolutionNode = FALSE
	EndGlobalSection
	GlobalSection(ExtensibilityGlobals) = postSolution
		SolutionGuid = {8CFFEE69-56EF-425C-B4FD-A4D3BF9B9F19}
	EndGlobalSection
EndGlobal
