
Microsoft Visual Studio Solution File, Format Version 12.00
# Visual Studio Version 17
VisualStudioVersion = 17.14.36603.0 d17.14
MinimumVisualStudioVersion = 10.0.40219.1
Project("{FAE04EC0-301F-11D3-BF4B-00C04F79EFBC}") = "14.While", "14.While.csproj", "{D272F1DC-004B-4079-96EA-772482D1CBDB}"
EndProject
Global
	GlobalSection(SolutionConfigurationPlatforms) = preSolution
		Debug|Any CPU = Debug|Any CPU
		Release|Any CPU = Release|Any CPU
	EndGlobalSection
	GlobalSection(ProjectConfigurationPlatforms) = postSolution
		{D272F1DC-004B-4079-96EA-772482D1CBDB}.Debug|Any CPU.ActiveCfg = Debug|Any CPU
		{D272F1DC-004B-4079-96EA-772482D1CBDB}.Debug|Any CPU.Build.0 = Debug|Any CPU
		{D272F1DC-004B-4079-96EA-772482D1CBDB}.Release|Any CPU.ActiveCfg = Release|Any CPU
		{D272F1DC-004B-4079-96EA-772482D1CBDB}.Release|Any CPU.Build.0 = Release|Any CPU
	EndGlobalSection
	GlobalSection(SolutionProperties) = preSolution
		HideSolutionNode = FALSE
	EndGlobalSection
	GlobalSection(ExtensibilityGlobals) = postSolution
		SolutionGuid = {CABEDB7A-BD52-4750-B42F-259458822627}
	EndGlobalSection
EndGlobal
