
Microsoft Visual Studio Solution File, Format Version 12.00
# Visual Studio Version 17
VisualStudioVersion = 17.14.36310.24 d17.14
MinimumVisualStudioVersion = 10.0.40219.1
Project("{FAE04EC0-301F-11D3-BF4B-00C04F79EFBC}") = "25.TallerVectores", "25.TallerVectores.csproj", "{9BE13085-6A32-45DC-A379-765DE6418F9E}"
EndProject
Global
	GlobalSection(SolutionConfigurationPlatforms) = preSolution
		Debug|Any CPU = Debug|Any CPU
		Release|Any CPU = Release|Any CPU
	EndGlobalSection
	GlobalSection(ProjectConfigurationPlatforms) = postSolution
		{9BE13085-6A32-45DC-A379-765DE6418F9E}.Debug|Any CPU.ActiveCfg = Debug|Any CPU
		{9BE13085-6A32-45DC-A379-765DE6418F9E}.Debug|Any CPU.Build.0 = Debug|Any CPU
		{9BE13085-6A32-45DC-A379-765DE6418F9E}.Release|Any CPU.ActiveCfg = Release|Any CPU
		{9BE13085-6A32-45DC-A379-765DE6418F9E}.Release|Any CPU.Build.0 = Release|Any CPU
	EndGlobalSection
	GlobalSection(SolutionProperties) = preSolution
		HideSolutionNode = FALSE
	EndGlobalSection
	GlobalSection(ExtensibilityGlobals) = postSolution
		SolutionGuid = {1E1CB4DA-CC17-404F-9F7B-CDD8D6C90FD8}
	EndGlobalSection
EndGlobal
